
Microsoft Visual Studio Solution File, Format Version 12.00
# Visual Studio Version 16
VisualStudioVersion = 16.0.31624.102
MinimumVisualStudioVersion = 10.0.40219.1
Project("{FAE04EC0-301F-11D3-BF4B-00C04F79EFBC}") = "A2.Android", "A2.Android\A2.Android.csproj", "{73352D74-3772-4C23-816B-6B14DE672019}"
EndProject
Project("{FAE04EC0-301F-11D3-BF4B-00C04F79EFBC}") = "A2.iOS", "A2.iOS\A2.iOS.csproj", "{93872DCE-3788-434D-A9AC-C38F86C3C3F9}"
EndProject
Project("{FAE04EC0-301F-11D3-BF4B-00C04F79EFBC}") = "A2", "A2\A2.csproj", "{F5732D65-2BE8-4BB0-B90E-FE94F8357DF6}"
EndProject
Global
	GlobalSection(SolutionConfigurationPlatforms) = preSolution
		Debug|Any CPU = Debug|Any CPU
		Debug|iPhone = Debug|iPhone
		Debug|iPhoneSimulator = Debug|iPhoneSimulator
		Release|Any CPU = Release|Any CPU
		Release|iPhone = Release|iPhone
		Release|iPhoneSimulator = Release|iPhoneSimulator
	EndGlobalSection
	GlobalSection(ProjectConfigurationPlatforms) = postSolution
		{73352D74-3772-4C23-816B-6B14DE672019}.Debug|Any CPU.ActiveCfg = Debug|Any CPU
		{73352D74-3772-4C23-816B-6B14DE672019}.Debug|Any CPU.Build.0 = Debug|Any CPU
		{73352D74-3772-4C23-816B-6B14DE672019}.Debug|Any CPU.Deploy.0 = Debug|Any CPU
		{73352D74-3772-4C23-816B-6B14DE672019}.Debug|iPhone.ActiveCfg = Debug|Any CPU
		{73352D74-3772-4C23-816B-6B14DE672019}.Debug|iPhone.Build.0 = Debug|Any CPU
		{73352D74-3772-4C23-816B-6B14DE672019}.Debug|iPhone.Deploy.0 = Debug|Any CPU
		{73352D74-3772-4C23-816B-6B14DE672019}.Debug|iPhoneSimulator.ActiveCfg = Debug|Any CPU
		{73352D74-3772-4C23-816B-6B14DE672019}.Debug|iPhoneSimulator.Build.0 = Debug|Any CPU
		{73352D74-3772-4C23-816B-6B14DE672019}.Debug|iPhoneSimulator.Deploy.0 = Debug|Any CPU
		{73352D74-3772-4C23-816B-6B14DE672019}.Release|Any CPU.ActiveCfg = Release|Any CPU
		{73352D74-3772-4C23-816B-6B14DE672019}.Release|Any CPU.Build.0 = Release|Any CPU
		{73352D74-3772-4C23-816B-6B14DE672019}.Release|Any CPU.Deploy.0 = Release|Any CPU
		{73352D74-3772-4C23-816B-6B14DE672019}.Release|iPhone.ActiveCfg = Release|Any CPU
		{73352D74-3772-4C23-816B-6B14DE672019}.Release|iPhone.Build.0 = Release|Any CPU
		{73352D74-3772-4C23-816B-6B14DE672019}.Release|iPhone.Deploy.0 = Release|Any CPU
		{73352D74-3772-4C23-816B-6B14DE672019}.Release|iPhoneSimulator.ActiveCfg = Release|Any CPU
		{73352D74-3772-4C23-816B-6B14DE672019}.Release|iPhoneSimulator.Build.0 = Release|Any CPU
		{73352D74-3772-4C23-816B-6B14DE672019}.Release|iPhoneSimulator.Deploy.0 = Release|Any CPU
		{93872DCE-3788-434D-A9AC-C38F86C3C3F9}.Debug|Any CPU.ActiveCfg = Debug|iPhone
		{93872DCE-3788-434D-A9AC-C38F86C3C3F9}.Debug|Any CPU.Build.0 = Debug|iPhone
		{93872DCE-3788-434D-A9AC-C38F86C3C3F9}.Debug|Any CPU.Deploy.0 = Debug|iPhone
		{93872DCE-3788-434D-A9AC-C38F86C3C3F9}.Debug|iPhone.ActiveCfg = Debug|iPhone
		{93872DCE-3788-434D-A9AC-C38F86C3C3F9}.Debug|iPhone.Build.0 = Debug|iPhone
		{93872DCE-3788-434D-A9AC-C38F86C3C3F9}.Debug|iPhone.Deploy.0 = Debug|iPhone
		{93872DCE-3788-434D-A9AC-C38F86C3C3F9}.Debug|iPhoneSimulator.ActiveCfg = Debug|iPhoneSimulator
		{93872DCE-3788-434D-A9AC-C38F86C3C3F9}.Debug|iPhoneSimulator.Build.0 = Debug|iPhoneSimulator
		{93872DCE-3788-434D-A9AC-C38F86C3C3F9}.Debug|iPhoneSimulator.Deploy.0 = Debug|iPhoneSimulator
		{93872DCE-3788-434D-A9AC-C38F86C3C3F9}.Release|Any CPU.ActiveCfg = Release|iPhoneSimulator
		{93872DCE-3788-434D-A9AC-C38F86C3C3F9}.Release|Any CPU.Build.0 = Release|iPhoneSimulator
		{93872DCE-3788-434D-A9AC-C38F86C3C3F9}.Release|Any CPU.Deploy.0 = Release|iPhoneSimulator
		{93872DCE-3788-434D-A9AC-C38F86C3C3F9}.Release|iPhone.ActiveCfg = Release|iPhone
		{93872DCE-3788-434D-A9AC-C38F86C3C3F9}.Release|iPhone.Build.0 = Release|iPhone
		{93872DCE-3788-434D-A9AC-C38F86C3C3F9}.Release|iPhone.Deploy.0 = Release|iPhone
		{93872DCE-3788-434D-A9AC-C38F86C3C3F9}.Release|iPhoneSimulator.ActiveCfg = Release|iPhoneSimulator
		{93872DCE-3788-434D-A9AC-C38F86C3C3F9}.Release|iPhoneSimulator.Build.0 = Release|iPhoneSimulator
		{93872DCE-3788-434D-A9AC-C38F86C3C3F9}.Release|iPhoneSimulator.Deploy.0 = Release|iPhoneSimulator
		{F5732D65-2BE8-4BB0-B90E-FE94F8357DF6}.Debug|Any CPU.ActiveCfg = Debug|Any CPU
		{F5732D65-2BE8-4BB0-B90E-FE94F8357DF6}.Debug|Any CPU.Build.0 = Debug|Any CPU
		{F5732D65-2BE8-4BB0-B90E-FE94F8357DF6}.Debug|Any CPU.Deploy.0 = Debug|Any CPU
		{F5732D65-2BE8-4BB0-B90E-FE94F8357DF6}.Debug|iPhone.ActiveCfg = Debug|Any CPU
		{F5732D65-2BE8-4BB0-B90E-FE94F8357DF6}.Debug|iPhone.Build.0 = Debug|Any CPU
		{F5732D65-2BE8-4BB0-B90E-FE94F8357DF6}.Debug|iPhone.Deploy.0 = Debug|Any CPU
		{F5732D65-2BE8-4BB0-B90E-FE94F8357DF6}.Debug|iPhoneSimulator.ActiveCfg = Debug|Any CPU
		{F5732D65-2BE8-4BB0-B90E-FE94F8357DF6}.Debug|iPhoneSimulator.Build.0 = Debug|Any CPU
		{F5732D65-2BE8-4BB0-B90E-FE94F8357DF6}.Debug|iPhoneSimulator.Deploy.0 = Debug|Any CPU
		{F5732D65-2BE8-4BB0-B90E-FE94F8357DF6}.Release|Any CPU.ActiveCfg = Release|Any CPU
		{F5732D65-2BE8-4BB0-B90E-FE94F8357DF6}.Release|Any CPU.Build.0 = Release|Any CPU
		{F5732D65-2BE8-4BB0-B90E-FE94F8357DF6}.Release|Any CPU.Deploy.0 = Release|Any CPU
		{F5732D65-2BE8-4BB0-B90E-FE94F8357DF6}.Release|iPhone.ActiveCfg = Release|Any CPU
		{F5732D65-2BE8-4BB0-B90E-FE94F8357DF6}.Release|iPhone.Build.0 = Release|Any CPU
		{F5732D65-2BE8-4BB0-B90E-FE94F8357DF6}.Release|iPhone.Deploy.0 = Release|Any CPU
		{F5732D65-2BE8-4BB0-B90E-FE94F8357DF6}.Release|iPhoneSimulator.ActiveCfg = Release|Any CPU
		{F5732D65-2BE8-4BB0-B90E-FE94F8357DF6}.Release|iPhoneSimulator.Build.0 = Release|Any CPU
		{F5732D65-2BE8-4BB0-B90E-FE94F8357DF6}.Release|iPhoneSimulator.Deploy.0 = Release|Any CPU
	EndGlobalSection
	GlobalSection(SolutionProperties) = preSolution
		HideSolutionNode = FALSE
	EndGlobalSection
	GlobalSection(ExtensibilityGlobals) = postSolution
		SolutionGuid = {252C4561-9243-4A28-9572-A48CA1D89CFA}
	EndGlobalSection
EndGlobal
